
Microsoft Visual Studio Solution File, Format Version 12.00
# Visual Studio 15
VisualStudioVersion = 15.0.28010.2026
MinimumVisualStudioVersion = 10.0.40219.1
Project("{FAE04EC0-301F-11D3-BF4B-00C04F79EFBC}") = "Capstone", "Capstone\Capstone.csproj", "{205CCD17-FE88-49B4-903E-05FB0BCD9AB2}"
EndProject
Global
	GlobalSection(SolutionConfigurationPlatforms) = preSolution
		Debug|Any CPU = Debug|Any CPU
		Release|Any CPU = Release|Any CPU
	EndGlobalSection
	GlobalSection(ProjectConfigurationPlatforms) = postSolution
		{205CCD17-FE88-49B4-903E-05FB0BCD9AB2}.Debug|Any CPU.ActiveCfg = Debug|Any CPU
		{205CCD17-FE88-49B4-903E-05FB0BCD9AB2}.Debug|Any CPU.Build.0 = Debug|Any CPU
		{205CCD17-FE88-49B4-903E-05FB0BCD9AB2}.Release|Any CPU.ActiveCfg = Release|Any CPU
		{205CCD17-FE88-49B4-903E-05FB0BCD9AB2}.Release|Any CPU.Build.0 = Release|Any CPU
	EndGlobalSection
	GlobalSection(SolutionProperties) = preSolution
		HideSolutionNode = FALSE
	EndGlobalSection
	GlobalSection(ExtensibilityGlobals) = postSolution
		SolutionGuid = {6FC4FF2F-69B0-4CFB-BE21-2E004D3E58A3}
	EndGlobalSection
EndGlobal
